
Microsoft Visual Studio Solution File, Format Version 12.00
# Visual Studio Version 16
VisualStudioVersion = 16.0.31515.178
MinimumVisualStudioVersion = 10.0.40219.1
Project("{FAE04EC0-301F-11D3-BF4B-00C04F79EFBC}") = "button", "button\button.csproj", "{69E34FDC-2C05-41CF-8586-D7B5B938B11D}"
EndProject
Global
	GlobalSection(SolutionConfigurationPlatforms) = preSolution
		Debug|Any CPU = Debug|Any CPU
		Release|Any CPU = Release|Any CPU
	EndGlobalSection
	GlobalSection(ProjectConfigurationPlatforms) = postSolution
		{69E34FDC-2C05-41CF-8586-D7B5B938B11D}.Debug|Any CPU.ActiveCfg = Debug|Any CPU
		{69E34FDC-2C05-41CF-8586-D7B5B938B11D}.Debug|Any CPU.Build.0 = Debug|Any CPU
		{69E34FDC-2C05-41CF-8586-D7B5B938B11D}.Release|Any CPU.ActiveCfg = Release|Any CPU
		{69E34FDC-2C05-41CF-8586-D7B5B938B11D}.Release|Any CPU.Build.0 = Release|Any CPU
	EndGlobalSection
	GlobalSection(SolutionProperties) = preSolution
		HideSolutionNode = FALSE
	EndGlobalSection
	GlobalSection(ExtensibilityGlobals) = postSolution
		SolutionGuid = {D76BB976-A5AD-4A20-9F95-5FB5D20CB2AF}
	EndGlobalSection
EndGlobal
